Microsoft Visual Studio Solution File, Format Version 12.00
# Visual Studio Version 17
VisualStudioVersion = 17.5.2.0
MinimumVisualStudioVersion = 10.0.40219.1
Project("{FAE04EC0-301F-11D3-BF4B-00C04F79EFBC}") = "api-csharp", "api-csharp.csproj", "{4C4BB44A-1A22-D983-5EA6-E13FE69DAD14}"
EndProject
Global
	GlobalSection(SolutionConfigurationPlatforms) = preSolution
		Debug|Any CPU = Debug|Any CPU
		Release|Any CPU = Release|Any CPU
	EndGlobalSection
	GlobalSection(ProjectConfigurationPlatforms) = postSolution
		{4C4BB44A-1A22-D983-5EA6-E13FE69DAD14}.Debug|Any CPU.ActiveCfg = Debug|Any CPU
		{4C4BB44A-1A22-D983-5EA6-E13FE69DAD14}.Debug|Any CPU.Build.0 = Debug|Any CPU
		{4C4BB44A-1A22-D983-5EA6-E13FE69DAD14}.Release|Any CPU.ActiveCfg = Release|Any CPU
		{4C4BB44A-1A22-D983-5EA6-E13FE69DAD14}.Release|Any CPU.Build.0 = Release|Any CPU
	EndGlobalSection
	GlobalSection(SolutionProperties) = preSolution
		HideSolutionNode = FALSE
	EndGlobalSection
	GlobalSection(ExtensibilityGlobals) = postSolution
		SolutionGuid = {E0544F51-6F94-4CD7-9659-AB18F17F416B}
	EndGlobalSection
EndGlobal
